<?xml version="1.0" encoding="utf-8"?>
<Project ToolsVersion="4.0" xmlns="http://schemas.microsoft.com/developer/msbuild/2003">
  <ItemGroup>
    <Filter Include="Source Files">
      <UniqueIdentifier>{4FC737F1-C7A5-4376-A066-2A32D752A2FF}</UniqueIdentifier>
      <Extensions>cpp;c;cc;cxx;c++;cppm;ixx;def;odl;idl;hpj;bat;asm;asmx</Extensions>
    </Filter>
    <Filter Include="Header Files">
      <UniqueIdentifier>{93995380-89BD-4b04-88EB-625FBE52EBFB}</UniqueIdentifier>
      <Extensions>h;hh;hpp;hxx;h++;hm;inl;inc;ipp;xsd</Extensions>
    </Filter>
    <Filter Include="Resource Files">
      <UniqueIdentifier>{67DA6AB6-F800-4c08-8B7A-83BB121AAD01}</UniqueIdentifier>
      <Extensions>rc;ico;cur;bmp;dlg;rc2;rct;bin;rgs;gif;jpg;jpeg;jpe;resx;tiff;tif;png;wav;mfcribbon-ms</Extensions>
    </Filter>
  </ItemGroup>
  <ItemGroup>
    <ClCompile Include="dllmain.cpp">
      <Filter>Source Files</Filter>
    </ClCompile>
    <ClCompile Include="src\Lunacy\Attachment.cpp">
      <Filter>Source Files</Filter>
    </ClCompile>
    <ClCompile Include="src\Lunacy\CGeometry.cpp">
      <Filter>Source Files</Filter>
    </ClCompile>
    <ClCompile Include="src\Lunacy\EffectSystem.cpp">
      <Filter>Source Files</Filter>
    </ClCompile>
    <ClCompile Include="src\Lunacy\GameObject.cpp">
      <Filter>Source Files</Filter>
    </ClCompile>
    <ClCompile Include="src\Lunacy\Graphics.cpp">
      <Filter>Source Files</Filter>
    </ClCompile>
    <ClCompile Include="src\Lunacy\GridItem.cpp">
      <Filter>Source Files</Filter>
    </ClCompile>
    <ClCompile Include="src\Lunacy\Image.cpp">
      <Filter>Source Files</Filter>
    </ClCompile>
    <ClCompile Include="src\Lunacy\Lawn.cpp">
      <Filter>Source Files</Filter>
    </ClCompile>
    <ClCompile Include="src\Lunacy\LawnApp.cpp">
      <Filter>Source Files</Filter>
    </ClCompile>
    <ClCompile Include="src\Lunacy\LawnMower.cpp">
      <Filter>Source Files</Filter>
    </ClCompile>
    <ClCompile Include="src\Lunacy\Pickup.cpp">
      <Filter>Source Files</Filter>
    </ClCompile>
    <ClCompile Include="src\Lunacy\Plant.cpp">
      <Filter>Source Files</Filter>
    </ClCompile>
    <ClCompile Include="src\Lunacy\PlantDefinition.cpp">
      <Filter>Source Files</Filter>
    </ClCompile>
    <ClCompile Include="src\Lunacy\Projectile.cpp">
      <Filter>Source Files</Filter>
    </ClCompile>
    <ClCompile Include="src\Lunacy\ProjectileDefinition.cpp">
      <Filter>Source Files</Filter>
    </ClCompile>
    <ClCompile Include="src\Lunacy\Reanimation.cpp">
      <Filter>Source Files</Filter>
    </ClCompile>
    <ClCompile Include="src\Lunacy\Zombie.cpp">
      <Filter>Source Files</Filter>
    </ClCompile>
    <ClCompile Include="src\Lunacy\ZombieDefinition.cpp">
      <Filter>Source Files</Filter>
    </ClCompile>
    <ClCompile Include="mods\Vinesweeper.cpp">
      <Filter>Source Files</Filter>
    </ClCompile>
    <ClCompile Include="src\Lunacy\Association.cpp">
      <Filter>Source Files</Filter>
    </ClCompile>
    <ClCompile Include="src\Lunacy\UIElement.cpp">
      <Filter>Source Files</Filter>
    </ClCompile>
    <ClCompile Include="src\Luna\Hook\HookUtils.cpp">
      <Filter>Source Files</Filter>
    </ClCompile>
    <ClCompile Include="src\Luna\Hook\LunaHook.cpp">
      <Filter>Source Files</Filter>
    </ClCompile>
    <ClCompile Include="src\Lunacy\SeedBank.cpp">
      <Filter>Source Files</Filter>
    </ClCompile>
    <ClCompile Include="src\Lunacy\ChallengeDefinition.cpp">
      <Filter>Source Files</Filter>
    </ClCompile>
  </ItemGroup>
  <ItemGroup>
    <ClInclude Include="include\Luna\Hook\LunaHook.hpp">
      <Filter>Header Files</Filter>
    </ClInclude>
    <ClInclude Include="include\Lunacy\MSD3D\MSD3D.h">
      <Filter>Header Files</Filter>
    </ClInclude>
    <ClInclude Include="include\Lunacy\Attachment.h">
      <Filter>Header Files</Filter>
    </ClInclude>
    <ClInclude Include="include\Lunacy\Buffer.h">
      <Filter>Header Files</Filter>
    </ClInclude>
    <ClInclude Include="include\Lunacy\CGeometry.h">
      <Filter>Header Files</Filter>
    </ClInclude>
    <ClInclude Include="include\Lunacy\ConstEnums.h">
      <Filter>Header Files</Filter>
    </ClInclude>
    <ClInclude Include="include\Lunacy\DataArray.h">
      <Filter>Header Files</Filter>
    </ClInclude>
    <ClInclude Include="include\Lunacy\EffectSystem.h">
      <Filter>Header Files</Filter>
    </ClInclude>
    <ClInclude Include="include\Lunacy\ExtendedUI.h">
      <Filter>Header Files</Filter>
    </ClInclude>
    <ClInclude Include="include\Lunacy\ForwardDefinitions.h">
      <Filter>Header Files</Filter>
    </ClInclude>
    <ClInclude Include="include\Lunacy\GameObject.h">
      <Filter>Header Files</Filter>
    </ClInclude>
    <ClInclude Include="include\Lunacy\Graphics.h">
      <Filter>Header Files</Filter>
    </ClInclude>
    <ClInclude Include="include\Lunacy\GridItem.h">
      <Filter>Header Files</Filter>
    </ClInclude>
    <ClInclude Include="include\Lunacy\Image.h">
      <Filter>Header Files</Filter>
    </ClInclude>
    <ClInclude Include="include\Lunacy\Lawn.h">
      <Filter>Header Files</Filter>
    </ClInclude>
    <ClInclude Include="include\Lunacy\LawnApp.h">
      <Filter>Header Files</Filter>
    </ClInclude>
    <ClInclude Include="include\Lunacy\LawnMower.h">
      <Filter>Header Files</Filter>
    </ClInclude>
    <ClInclude Include="include\Lunacy\Listeners.h">
      <Filter>Header Files</Filter>
    </ClInclude>
    <ClInclude Include="include\Lunacy\Lunacy.hpp">
      <Filter>Header Files</Filter>
    </ClInclude>
    <ClInclude Include="include\Lunacy\Particle.h">
      <Filter>Header Files</Filter>
    </ClInclude>
    <ClInclude Include="include\Lunacy\Pickup.h">
      <Filter>Header Files</Filter>
    </ClInclude>
    <ClInclude Include="include\Lunacy\Plant.h">
      <Filter>Header Files</Filter>
    </ClInclude>
    <ClInclude Include="include\Lunacy\PopStructs.h">
      <Filter>Header Files</Filter>
    </ClInclude>
    <ClInclude Include="include\Lunacy\PottedPlant.h">
      <Filter>Header Files</Filter>
    </ClInclude>
    <ClInclude Include="include\Lunacy\Projectile.h">
      <Filter>Header Files</Filter>
    </ClInclude>
    <ClInclude Include="include\Lunacy\Reanimation.h">
      <Filter>Header Files</Filter>
    </ClInclude>
    <ClInclude Include="include\Lunacy\Rect.h">
      <Filter>Header Files</Filter>
    </ClInclude>
    <ClInclude Include="include\Lunacy\SexyApp.h">
      <Filter>Header Files</Filter>
    </ClInclude>
    <ClInclude Include="include\Lunacy\TodLib.h">
      <Filter>Header Files</Filter>
    </ClInclude>
    <ClInclude Include="include\Lunacy\Trail.h">
      <Filter>Header Files</Filter>
    </ClInclude>
    <ClInclude Include="include\Lunacy\UIElement.h">
      <Filter>Header Files</Filter>
    </ClInclude>
    <ClInclude Include="include\Lunacy\UIRoot.h">
      <Filter>Header Files</Filter>
    </ClInclude>
    <ClInclude Include="include\Lunacy\Vector2.h">
      <Filter>Header Files</Filter>
    </ClInclude>
    <ClInclude Include="include\Lunacy\Vector3.h">
      <Filter>Header Files</Filter>
    </ClInclude>
    <ClInclude Include="include\Lunacy\Zombie.h">
      <Filter>Header Files</Filter>
    </ClInclude>
    <ClInclude Include="mods\mods.hpp">
      <Filter>Header Files</Filter>
    </ClInclude>
    <ClInclude Include="include\Lunacy\Challenge.h">
      <Filter>Header Files</Filter>
    </ClInclude>
    <ClInclude Include="include\Lunacy\Associations.h">
      <Filter>Header Files</Filter>
    </ClInclude>
    <ClInclude Include="include\Lunacy\Challange.h">
      <Filter>Header Files</Filter>
    </ClInclude>
    <ClInclude Include="include\Lunacy\Lunacy.h">
      <Filter>Header Files</Filter>
    </ClInclude>
    <ClInclude Include="include\Lunacy\LunacyEnums.h">
      <Filter>Header Files</Filter>
    </ClInclude>
    <ClInclude Include="include\Lunacy\SeedBank.h">
      <Filter>Header Files</Filter>
    </ClInclude>
    <ClInclude Include="include\Lunacy\UIElements.h">
      <Filter>Header Files</Filter>
    </ClInclude>
    <ClInclude Include="include\ModReader.h">
      <Filter>Header Files</Filter>
    </ClInclude>
  </ItemGroup>
</Project>